
Microsoft Visual Studio Solution File, Format Version 12.00
# Visual Studio Version 17
VisualStudioVersion = 17.2.32602.215
MinimumVisualStudioVersion = 10.0.40219.1
Project("{FAE04EC0-301F-11D3-BF4B-00C04F79EFBC}") = "WindowsFormsApp1", "WindowsFormsApp1\WindowsFormsApp1.csproj", "{2CFDA672-FB3D-493F-A5AA-88A52841A76A}"
EndProject
Global
	GlobalSection(SolutionConfigurationPlatforms) = preSolution
		Debug|Any CPU = Debug|Any CPU
		Release|Any CPU = Release|Any CPU
	EndGlobalSection
	GlobalSection(ProjectConfigurationPlatforms) = postSolution
		{2CFDA672-FB3D-493F-A5AA-88A52841A76A}.Debug|Any CPU.ActiveCfg = Debug|Any CPU
		{2CFDA672-FB3D-493F-A5AA-88A52841A76A}.Debug|Any CPU.Build.0 = Debug|Any CPU
		{2CFDA672-FB3D-493F-A5AA-88A52841A76A}.Release|Any CPU.ActiveCfg = Release|Any CPU
		{2CFDA672-FB3D-493F-A5AA-88A52841A76A}.Release|Any CPU.Build.0 = Release|Any CPU
	EndGlobalSection
	GlobalSection(SolutionProperties) = preSolution
		HideSolutionNode = FALSE
	EndGlobalSection
	GlobalSection(ExtensibilityGlobals) = postSolution
		SolutionGuid = {5DA51C7F-10F3-4302-8071-606F52CF0F92}
	EndGlobalSection
EndGlobal
